// !$*UTF8*$!
{
	archiveVersion = 1;
	classes = {
	};
	objectVersion = 48;
	objects = {

/* Begin PBXBuildFile section */
		A04B3F8F205E5C2900BBF11A /* AppDelegate.swift in Sources */ = {isa = PBXBuildFile; fileRef = A04B3F8E205E5C2900BBF11A /* AppDelegate.swift */; };
		A04B3F91205E5C2900BBF11A /* ViewController.swift in Sources */ = {isa = PBXBuildFile; fileRef = A04B3F90205E5C2900BBF11A /* ViewController.swift */; };
		A04B3F94205E5C2900BBF11A /* Main.storyboard in Resources */ = {isa = PBXBuildFile; fileRef = A04B3F92205E5C2900BBF11A /* Main.storyboard */; };
		A04B3F96205E5C2900BBF11A /* Assets.xcassets in Resources */ = {isa = PBXBuildFile; fileRef = A04B3F95205E5C2900BBF11A /* Assets.xcassets */; };
		A04B3F99205E5C2900BBF11A /* LaunchScreen.storyboard in Resources */ = {isa = PBXBuildFile; fileRef = A04B3F97205E5C2900BBF11A /* LaunchScreen.storyboard */; };
/* End PBXBuildFile section */

/* Begin PBXFileReference section */
		A04B3F8B205E5C2900BBF11A /* DemoObjectLibraryTextField.app */ = {isa = PBXFileReference; explicitFileType = wrapper.application; includeInIndex = 0; path = DemoObjectLibraryTextField.app; sourceTree = BUILT_PRODUCTS_DIR; };
		A04B3F8E205E5C2900BBF11A /* AppDelegate.swift */ = {isa = PBXFileReference; lastKnownFileType = sourcecode.swift; path = AppDelegate.swift; sourceTree = "<group>"; };
		A04B3F90205E5C2900BBF11A /* ViewController.swift */ = {isa = PBXFileReference; lastKnownFileType = sourcecode.swift; path = ViewController.swift; sourceTree = "<group>"; };
		A04B3F93205E5C2900BBF11A /* Base */ = {isa = PBXFileReference; lastKnownFileType = file.storyboard; name = Base; path = Base.lproj/Main.storyboard; sourceTree = "<group>"; };
		A04B3F95205E5C2900BBF11A /* Assets.xcassets */ = {isa = PBXFileReference; lastKnownFileType = folder.assetcatalog; path = Assets.xcassets; sourceTree = "<group>"; };
		A04B3F98205E5C2900BBF11A /* Base */ = {isa = PBXFileReference; lastKnownFileType = file.storyboard; name = Base; path = Base.lproj/LaunchScreen.storyboard; sourceTree = "<group>"; };
		A04B3F9A205E5C2900BBF11A /* Info.plist */ = {isa = PBXFileReference; lastKnownFileType = text.plist.xml; path = Info.plist; sourceTree = "<group>"; };
/* End PBXFileReference section */

/* Begin PBXFrameworksBuildPhase section */
		A04B3F88205E5C2900BBF11A /* Frameworks */ = {
			isa = PBXFrameworksBuildPhase;
			buildActionMask = 2147483647;
			files = (
			);
			runOnlyForDeploymentPostprocessing = 0;
		};
/* End PBXFrameworksBuildPhase section */

/* Begin PBXGroup section */
		A04B3F82205E5C2900BBF11A = {
			isa = PBXGroup;
			children = (
				A04B3F8D205E5C2900BBF11A /* DemoObjectLibraryTextField */,
				A04B3F8C205E5C2900BBF11A /* Products */,
			);
			sourceTree = "<group>";
		};
		A04B3F8C205E5C2900BBF11A /* Products */ = {
			isa = PBXGroup;
			children = (
				A04B3F8B205E5C2900BBF11A /* DemoObjectLibraryTextField.app */,
			);
			name = Products;
			sourceTree = "<group>";
		};
		A04B3F8D205E5C2900BBF11A /* DemoObjectLibraryTextField */ = {
			isa = PBXGroup;
			children = (
				A04B3F8E205E5C2900BBF11A /* AppDelegate.swift */,
				A04B3F90205E5C2900BBF11A /* ViewController.swift */,
				A04B3F92205E5C2900BBF11A /* Main.storyboard */,
				A04B3F95205E5C2900BBF11A /* Assets.xcassets */,
				A04B3F97205E5C2900BBF11A /* LaunchScreen.storyboard */,
				A04B3F9A205E5C2900BBF11A /* Info.plist */,
			);
			path = DemoObjectLibraryTextField;
			sourceTree = "<group>";
		};
/* End PBXGroup section */

/* Begin PBXNativeTarget section */
		A04B3F8A205E5C2900BBF11A /* DemoObjectLibraryTextField */ = {
			isa = PBXNativeTarget;
			buildConfigurationList = A04B3F9D205E5C2900BBF11A /* Build configuration list for PBXNativeTarget "DemoObjectLibraryTextField" */;
			buildPhases = (
				A04B3F87205E5C2900BBF11A /* Sources */,
				A04B3F88205E5C2900BBF11A /* Frameworks */,
				A04B3F89205E5C2900BBF11A /* Resources */,
			);
			buildRules = (
			);
			dependencies = (
			);
			name = DemoObjectLibraryTextField;
			productName = DemoObjectLibraryTextField;
			productReference = A04B3F8B205E5C2900BBF11A /* DemoObjectLibraryTextField.app */;
			productType = "com.apple.product-type.application";
		};
/* End PBXNativeTarget section */

/* Begin PBXProject section */
		A04B3F83205E5C2900BBF11A /* Project object */ = {
			isa = PBXProject;
			attributes = {
				LastSwiftUpdateCheck = 0920;
				LastUpgradeCheck = 0920;
				ORGANIZATIONNAME = "Chao Shin";
				TargetAttributes = {
					A04B3F8A205E5C2900BBF11A = {
						CreatedOnToolsVersion = 9.2;
						ProvisioningStyle = Automatic;
					};
				};
			};
			buildConfigurationList = A04B3F86205E5C2900BBF11A /* Build configuration list for PBXProject "DemoObjectLibraryTextField" */;
			compatibilityVersion = "Xcode 8.0";
			developmentRegion = en;
			hasScannedForEncodings = 0;
			knownRegions = (
				en,
				Base,
			);
			mainGroup = A04B3F82205E5C2900BBF11A;
			productRefGroup = A04B3F8C205E5C2900BBF11A /* Products */;
			projectDirPath = "";
			projectRoot = "";
			targets = (
				A04B3F8A205E5C2900BBF11A /* DemoObjectLibraryTextField */,
			);
		};
/* End PBXProject section */

/* Begin PBXResourcesBuildPhase section */
		A04B3F89205E5C2900BBF11A /* Resources */ = {
			isa = PBXResourcesBuildPhase;
			buildActionMask = 2147483647;
			files = (
				A04B3F99205E5C2900BBF11A /* LaunchScreen.storyboard in Resources */,
				A04B3F96205E5C2900BBF11A /* Assets.xcassets in Resources */,
				A04B3F94205E5C2900BBF11A /* Main.storyboard in Resources */,
			);
			runOnlyForDeploymentPostprocessing = 0;
		};
/* End PBXResourcesBuildPhase section */

/* Begin PBXSourcesBuildPhase section */
		A04B3F87205E5C2900BBF11A /* Sources */ = {
			isa = PBXSourcesBuildPhase;
			buildActionMask = 2147483647;
			files = (
				A04B3F91205E5C2900BBF11A /* ViewController.swift in Sources */,
				A04B3F8F205E5C2900BBF11A /* AppDelegate.swift in Sources */,
			);
			runOnlyForDeploymentPostprocessing = 0;
		};
/* End PBXSourcesBuildPhase section */

/* Begin PBXVariantGroup section */
		A04B3F92205E5C2900BBF11A /* Main.storyboard */ = {
			isa = PBXVariantGroup;
			children = (
				A04B3F93205E5C2900BBF11A /* Base */,
			);
			name = Main.storyboard;
			sourceTree = "<group>";
		};
		A04B3F97205E5C2900BBF11A /* LaunchScreen.storyboard */ = {
			isa = PBXVariantGroup;
			children = (
				A04B3F98205E5C2900BBF11A /* Base */,
			);
			name = LaunchScreen.storyboard;
			sourceTree = "<group>";
		};
/* End PBXVariantGroup section */

/* Begin XCBuildConfiguration section */
		A04B3F9B205E5C2900BBF11A /* Debug */ = {
			isa = XCBuildConfiguration;
			buildSettings = {
				ALWAYS_SEARCH_USER_PATHS = NO;
				CLANG_ANALYZER_NONNULL = YES;
				CLANG_ANALYZER_NUMBER_OBJECT_CONVERSION = YES_AGGRESSIVE;
				CLANG_CXX_LANGUAGE_STANDARD = "gnu++14";
				CLANG_CXX_LIBRARY = "libc++";
				CLANG_ENABLE_MODULES = YES;
				CLANG_ENABLE_OBJC_ARC = YES;
				CLANG_WARN_BLOCK_CAPTURE_AUTORELEASING = YES;
				CLANG_WARN_BOOL_CONVERSION = YES;
				CLANG_WARN_COMMA = YES;
				CLANG_WARN_CONSTANT_CONVERSION = YES;
				CLANG_WARN_DIRECT_OBJC_ISA_USAGE = YES_ERROR;
				CLANG_WARN_DOCUMENTATION_COMMENTS = YES;
				CLANG_WARN_EMPTY_BODY = YES;
				CLANG_WARN_ENUM_CONVERSION = YES;
				CLANG_WARN_INFINITE_RECURSION = YES;
				CLANG_WARN_INT_CONVERSION = YES;
				CLANG_WARN_NON_LITERAL_NULL_CONVERSION = YES;
				CLANG_WARN_OBJC_LITERAL_CONVERSION = YES;
				CLANG_WARN_OBJC_ROOT_CLASS = YES_ERROR;
				CLANG_WARN_RANGE_LOOP_ANALYSIS = YES;
				CLANG_WARN_STRICT_PROTOTYPES = YES;
				CLANG_WARN_SUSPICIOUS_MOVE = YES;
				CLANG_WARN_UNGUARDED_AVAILABILITY = YES_AGGRESSIVE;
				CLANG_WARN_UNREACHABLE_CODE = YES;
				CLANG_WARN__DUPLICATE_METHOD_MATCH = YES;
				CODE_SIGN_IDENTITY = "iPhone Developer";
				COPY_PHASE_STRIP = NO;
				DEBUG_INFORMATION_FORMAT = dwarf;
				ENABLE_STRICT_OBJC_MSGSEND = YES;
				ENABLE_TESTABILITY = YES;
				GCC_C_LANGUAGE_STANDARD = gnu11;
				GCC_DYNAMIC_NO_PIC = NO;
				GCC_NO_COMMON_BLOCKS = YES;
				GCC_OPTIMIZATION_LEVEL = 0;
				GCC_PREPROCESSOR_DEFINITIONS = (
					"DEBUG=1",
					"$(inherited)",
				);
				GCC_WARN_64_TO_32_BIT_CONVERSION = YES;
				GCC_WARN_ABOUT_RETURN_TYPE = YES_ERROR;
				GCC_WARN_UNDECLARED_SELECTOR = YES;
				GCC_WARN_UNINITIALIZED_AUTOS = YES_AGGRESSIVE;
				GCC_WARN_UNUSED_FUNCTION = YES;
				GCC_WARN_UNUSED_VARIABLE = YES;
				IPHONEOS_DEPLOYMENT_TARGET = 11.2;
				MTL_ENABLE_DEBUG_INFO = YES;
				ONLY_ACTIVE_ARCH = YES;
				SDKROOT = iphoneos;
				SWIFT_ACTIVE_COMPILATION_CONDITIONS = DEBUG;
				SWIFT_OPTIMIZATION_LEVEL = "-Onone";
			};
			name = Debug;
		};
		A04B3F9C205E5C2900BBF11A /* Release */ = {
			isa = XCBuildConfiguration;
			buildSettings = {
				ALWAYS_SEARCH_USER_PATHS = NO;
				CLANG_ANALYZER_NONNULL = YES;
				CLANG_ANALYZER_NUMBER_OBJECT_CONVERSION = YES_AGGRESSIVE;
				CLANG_CXX_LANGUAGE_STANDARD = "gnu++14";
				CLANG_CXX_LIBRARY = "libc++";
				CLANG_ENABLE_MODULES = YES;
				CLANG_ENABLE_OBJC_ARC = YES;
				CLANG_WARN_BLOCK_CAPTURE_AUTORELEASING = YES;
				CLANG_WARN_BOOL_CONVERSION = YES;
				CLANG_WARN_COMMA = YES;
				CLANG_WARN_CONSTANT_CONVERSION = YES;
				CLANG_WARN_DIRECT_OBJC_ISA_USAGE = YES_ERROR;
				CLANG_WARN_DOCUMENTATION_COMMENTS = YES;
				CLANG_WARN_EMPTY_BODY = YES;
				CLANG_WARN_ENUM_CONVERSION = YES;
				CLANG_WARN_INFINITE_RECURSION = YES;
				CLANG_WARN_INT_CONVERSION = YES;
				CLANG_WARN_NON_LITERAL_NULL_CONVERSION = YES;
				CLANG_WARN_OBJC_LITERAL_CONVERSION = YES;
				CLANG_WARN_OBJC_ROOT_CLASS = YES_ERROR;
				CLANG_WARN_RANGE_LOOP_ANALYSIS = YES;
				CLANG_WARN_STRICT_PROTOTYPES = YES;
				CLANG_WARN_SUSPICIOUS_MOVE = YES;
				CLANG_WARN_UNGUARDED_AVAILABILITY = YES_AGGRESSIVE;
				CLANG_WARN_UNREACHABLE_CODE = YES;
				CLANG_WARN__DUPLICATE_METHOD_MATCH = YES;
				CODE_SIGN_IDENTITY = "iPhone Developer";
				COPY_PHASE_STRIP = NO;
				DEBUG_INFORMATION_FORMAT = "dwarf-with-dsym";
				ENABLE_NS_ASSERTIONS = NO;
				ENABLE_STRICT_OBJC_MSGSEND = YES;
				GCC_C_LANGUAGE_STANDARD = gnu11;
				GCC_NO_COMMON_BLOCKS = YES;
				GCC_WARN_64_TO_32_BIT_CONVERSION = YES;
				GCC_WARN_ABOUT_RETURN_TYPE = YES_ERROR;
				GCC_WARN_UNDECLARED_SELECTOR = YES;
				GCC_WARN_UNINITIALIZED_AUTOS = YES_AGGRESSIVE;
				GCC_WARN_UNUSED_FUNCTION = YES;
				GCC_WARN_UNUSED_VARIABLE = YES;
				IPHONEOS_DEPLOYMENT_TARGET = 11.2;
				MTL_ENABLE_DEBUG_INFO = NO;
				SDKROOT = iphoneos;
				SWIFT_OPTIMIZATION_LEVEL = "-Owholemodule";
				VALIDATE_PRODUCT = YES;
			};
			name = Release;
		};
		A04B3F9E205E5C2900BBF11A /* Debug */ = {
			isa = XCBuildConfiguration;
			buildSettings = {
				ASSETCATALOG_COMPILER_APPICON_NAME = AppIcon;
				CODE_SIGN_STYLE = Automatic;
				INFOPLIST_FILE = DemoObjectLibraryTextField/Info.plist;
				LD_RUNPATH_SEARCH_PATHS = "$(inherited) @executable_path/Frameworks";
				PRODUCT_BUNDLE_IDENTIFIER = "Dreams-Come-True.DemoObjectLibraryTextField";
				PRODUCT_NAME = "$(TARGET_NAME)";
				SWIFT_VERSION = 4.0;
				TARGETED_DEVICE_FAMILY = "1,2";
			};
			name = Debug;
		};
		A04B3F9F205E5C2900BBF11A /* Release */ = {
			isa = XCBuildConfiguration;
			buildSettings = {
				ASSETCATALOG_COMPILER_APPICON_NAME = AppIcon;
				CODE_SIGN_STYLE = Automatic;
				INFOPLIST_FILE = DemoObjectLibraryTextField/Info.plist;
				LD_RUNPATH_SEARCH_PATHS = "$(inherited) @executable_path/Frameworks";
				PRODUCT_BUNDLE_IDENTIFIER = "Dreams-Come-True.DemoObjectLibraryTextField";
				PRODUCT_NAME = "$(TARGET_NAME)";
				SWIFT_VERSION = 4.0;
				TARGETED_DEVICE_FAMILY = "1,2";
			};
			name = Release;
		};
/* End XCBuildConfiguration section */

/* Begin XCConfigurationList section */
		A04B3F86205E5C2900BBF11A /* Build configuration list for PBXProject "DemoObjectLibraryTextField" */ = {
			isa = XCConfigurationList;
			buildConfigurations = (
				A04B3F9B205E5C2900BBF11A /* Debug */,
				A04B3F9C205E5C2900BBF11A /* Release */,
			);
			defaultConfigurationIsVisible = 0;
			defaultConfigurationName = Release;
		};
		A04B3F9D205E5C2900BBF11A /* Build configuration list for PBXNativeTarget "DemoObjectLibraryTextField" */ = {
			isa = XCConfigurationList;
			buildConfigurations = (
				A04B3F9E205E5C2900BBF11A /* Debug */,
				A04B3F9F205E5C2900BBF11A /* Release */,
			);
			defaultConfigurationIsVisible = 0;
			defaultConfigurationName = Release;
		};
/* End XCConfigurationList section */
	};
	rootObject = A04B3F83205E5C2900BBF11A /* Project object */;
}
